
Microsoft Visual Studio Solution File, Format Version 12.00
# Visual Studio Version 17
VisualStudioVersion = 17.11.35222.181
MinimumVisualStudioVersion = 10.0.40219.1
Project("{FAE04EC0-301F-11D3-BF4B-00C04F79EFBC}") = "GitDemo33", "GitDemo33\GitDemo33.csproj", "{77985FA6-4498-4F18-A493-BC3EE7EB01EB}"
EndProject
Global
	GlobalSection(SolutionConfigurationPlatforms) = preSolution
		Debug|Any CPU = Debug|Any CPU
		Release|Any CPU = Release|Any CPU
	EndGlobalSection
	GlobalSection(ProjectConfigurationPlatforms) = postSolution
		{77985FA6-4498-4F18-A493-BC3EE7EB01EB}.Debug|Any CPU.ActiveCfg = Debug|Any CPU
		{77985FA6-4498-4F18-A493-BC3EE7EB01EB}.Debug|Any CPU.Build.0 = Debug|Any CPU
		{77985FA6-4498-4F18-A493-BC3EE7EB01EB}.Release|Any CPU.ActiveCfg = Release|Any CPU
		{77985FA6-4498-4F18-A493-BC3EE7EB01EB}.Release|Any CPU.Build.0 = Release|Any CPU
	EndGlobalSection
	GlobalSection(SolutionProperties) = preSolution
		HideSolutionNode = FALSE
	EndGlobalSection
	GlobalSection(ExtensibilityGlobals) = postSolution
		SolutionGuid = {20F5C983-FC05-46A5-B0A4-FA62F5F8696C}
	EndGlobalSection
EndGlobal
